
Microsoft Visual Studio Solution File, Format Version 12.00
# Visual Studio Version 16
VisualStudioVersion = 16.0.29613.14
MinimumVisualStudioVersion = 10.0.40219.1
Project("{FAE04EC0-301F-11D3-BF4B-00C04F79EFBC}") = "OData.Api", "OData\OData.Api.csproj", "{2CC99CE0-9E1D-4250-979D-05607D0A7E0C}"
EndProject
Project("{FAE04EC0-301F-11D3-BF4B-00C04F79EFBC}") = "OData.DataAccess", "OData.DataAccess\OData.DataAccess.csproj", "{1B2169EA-3C8F-49D1-A223-6D874250218E}"
EndProject
Project("{FAE04EC0-301F-11D3-BF4B-00C04F79EFBC}") = "OData.Models", "OData.Models\OData.Models.csproj", "{943BB0AB-FBBE-45FC-9B9F-2162888616A3}"
EndProject
Project("{2150E333-8FDC-42A3-9474-1A3956D46DE8}") = "BusinessLogic", "BusinessLogic", "{953BD4E4-2EBB-4905-8688-42763AE24E55}"
EndProject
Project("{FAE04EC0-301F-11D3-BF4B-00C04F79EFBC}") = "OData.ArticleService", "OData.ArticleService\OData.ArticleService.csproj", "{2EFFD371-112D-4997-AF0E-B9AFAB592ED2}"
EndProject
Project("{FAE04EC0-301F-11D3-BF4B-00C04F79EFBC}") = "OData.ArticleCategoryService", "OData.ArticleCategoryService\OData.ArticleCategoryService.csproj", "{CAE55FFA-E5B4-414B-884D-E6D192127933}"
EndProject
Global
	GlobalSection(SolutionConfigurationPlatforms) = preSolution
		Debug|Any CPU = Debug|Any CPU
		Release|Any CPU = Release|Any CPU
	EndGlobalSection
	GlobalSection(ProjectConfigurationPlatforms) = postSolution
		{2CC99CE0-9E1D-4250-979D-05607D0A7E0C}.Debug|Any CPU.ActiveCfg = Debug|Any CPU
		{2CC99CE0-9E1D-4250-979D-05607D0A7E0C}.Debug|Any CPU.Build.0 = Debug|Any CPU
		{2CC99CE0-9E1D-4250-979D-05607D0A7E0C}.Release|Any CPU.ActiveCfg = Release|Any CPU
		{2CC99CE0-9E1D-4250-979D-05607D0A7E0C}.Release|Any CPU.Build.0 = Release|Any CPU
		{1B2169EA-3C8F-49D1-A223-6D874250218E}.Debug|Any CPU.ActiveCfg = Debug|Any CPU
		{1B2169EA-3C8F-49D1-A223-6D874250218E}.Debug|Any CPU.Build.0 = Debug|Any CPU
		{1B2169EA-3C8F-49D1-A223-6D874250218E}.Release|Any CPU.ActiveCfg = Release|Any CPU
		{1B2169EA-3C8F-49D1-A223-6D874250218E}.Release|Any CPU.Build.0 = Release|Any CPU
		{943BB0AB-FBBE-45FC-9B9F-2162888616A3}.Debug|Any CPU.ActiveCfg = Debug|Any CPU
		{943BB0AB-FBBE-45FC-9B9F-2162888616A3}.Debug|Any CPU.Build.0 = Debug|Any CPU
		{943BB0AB-FBBE-45FC-9B9F-2162888616A3}.Release|Any CPU.ActiveCfg = Release|Any CPU
		{943BB0AB-FBBE-45FC-9B9F-2162888616A3}.Release|Any CPU.Build.0 = Release|Any CPU
		{2EFFD371-112D-4997-AF0E-B9AFAB592ED2}.Debug|Any CPU.ActiveCfg = Debug|Any CPU
		{2EFFD371-112D-4997-AF0E-B9AFAB592ED2}.Debug|Any CPU.Build.0 = Debug|Any CPU
		{2EFFD371-112D-4997-AF0E-B9AFAB592ED2}.Release|Any CPU.ActiveCfg = Release|Any CPU
		{2EFFD371-112D-4997-AF0E-B9AFAB592ED2}.Release|Any CPU.Build.0 = Release|Any CPU
		{CAE55FFA-E5B4-414B-884D-E6D192127933}.Debug|Any CPU.ActiveCfg = Debug|Any CPU
		{CAE55FFA-E5B4-414B-884D-E6D192127933}.Debug|Any CPU.Build.0 = Debug|Any CPU
		{CAE55FFA-E5B4-414B-884D-E6D192127933}.Release|Any CPU.ActiveCfg = Release|Any CPU
		{CAE55FFA-E5B4-414B-884D-E6D192127933}.Release|Any CPU.Build.0 = Release|Any CPU
	EndGlobalSection
	GlobalSection(SolutionProperties) = preSolution
		HideSolutionNode = FALSE
	EndGlobalSection
	GlobalSection(NestedProjects) = preSolution
		{2EFFD371-112D-4997-AF0E-B9AFAB592ED2} = {953BD4E4-2EBB-4905-8688-42763AE24E55}
		{CAE55FFA-E5B4-414B-884D-E6D192127933} = {953BD4E4-2EBB-4905-8688-42763AE24E55}
	EndGlobalSection
	GlobalSection(ExtensibilityGlobals) = postSolution
		SolutionGuid = {1267DDCB-13CC-442A-894A-BDEAC495E509}
	EndGlobalSection
EndGlobal
